
Microsoft Visual Studio Solution File, Format Version 12.00
# Visual Studio Version 16
VisualStudioVersion = 16.0.31729.503
MinimumVisualStudioVersion = 10.0.40219.1
Project("{FAE04EC0-301F-11D3-BF4B-00C04F79EFBC}") = "WinForms", "WinForms\WinForms.csproj", "{AC5E7FEC-D56D-4375-A8B3-9CFCC718EBC9}"
EndProject
Global
	GlobalSection(SolutionConfigurationPlatforms) = preSolution
		Debug|Any CPU = Debug|Any CPU
		Release|Any CPU = Release|Any CPU
	EndGlobalSection
	GlobalSection(ProjectConfigurationPlatforms) = postSolution
		{AC5E7FEC-D56D-4375-A8B3-9CFCC718EBC9}.Debug|Any CPU.ActiveCfg = Debug|Any CPU
		{AC5E7FEC-D56D-4375-A8B3-9CFCC718EBC9}.Debug|Any CPU.Build.0 = Debug|Any CPU
		{AC5E7FEC-D56D-4375-A8B3-9CFCC718EBC9}.Release|Any CPU.ActiveCfg = Release|Any CPU
		{AC5E7FEC-D56D-4375-A8B3-9CFCC718EBC9}.Release|Any CPU.Build.0 = Release|Any CPU
	EndGlobalSection
	GlobalSection(SolutionProperties) = preSolution
		HideSolutionNode = FALSE
	EndGlobalSection
	GlobalSection(ExtensibilityGlobals) = postSolution
		SolutionGuid = {11176319-1820-4217-8B47-8A65E957D0DA}
	EndGlobalSection
EndGlobal
